
Microsoft Visual Studio Solution File, Format Version 12.00
# Visual Studio Version 17
VisualStudioVersion = 17.5.33502.453
MinimumVisualStudioVersion = 10.0.40219.1
Project("{8BC9CEB8-8B4A-11D0-8D11-00A0C91BC942}") = "030_pointer", "030_pointer.vcxproj", "{3244639C-D71D-4246-9C87-73D969EDAB55}"
EndProject
Project("{8BC9CEB8-8B4A-11D0-8D11-00A0C91BC942}") = "030_pointer2", "030_pointer2\030_pointer2.vcxproj", "{0E0EE934-B4E5-482A-829A-B43916D01DA7}"
EndProject
Project("{8BC9CEB8-8B4A-11D0-8D11-00A0C91BC942}") = "friendclass", "friendclass\friendclass.vcxproj", "{9AC047CC-0D93-4B2A-B4E5-EC68FF44775C}"
EndProject
Project("{8BC9CEB8-8B4A-11D0-8D11-00A0C91BC942}") = "friendclass2", "friendclass2\friendclass2.vcxproj", "{3478F357-F848-4D71-85BF-5B1ABA0CD7DC}"
EndProject
Project("{8BC9CEB8-8B4A-11D0-8D11-00A0C91BC942}") = "friendclass3", "friendclass3\friendclass3.vcxproj", "{95DBC0A2-72A7-41F1-8822-3DE6B1FA41C4}"
EndProject
Global
	GlobalSection(SolutionConfigurationPlatforms) = preSolution
		Debug|x64 = Debug|x64
		Debug|x86 = Debug|x86
		Release|x64 = Release|x64
		Release|x86 = Release|x86
	EndGlobalSection
	GlobalSection(ProjectConfigurationPlatforms) = postSolution
		{3244639C-D71D-4246-9C87-73D969EDAB55}.Debug|x64.ActiveCfg = Debug|x64
		{3244639C-D71D-4246-9C87-73D969EDAB55}.Debug|x64.Build.0 = Debug|x64
		{3244639C-D71D-4246-9C87-73D969EDAB55}.Debug|x86.ActiveCfg = Debug|Win32
		{3244639C-D71D-4246-9C87-73D969EDAB55}.Debug|x86.Build.0 = Debug|Win32
		{3244639C-D71D-4246-9C87-73D969EDAB55}.Release|x64.ActiveCfg = Release|x64
		{3244639C-D71D-4246-9C87-73D969EDAB55}.Release|x64.Build.0 = Release|x64
		{3244639C-D71D-4246-9C87-73D969EDAB55}.Release|x86.ActiveCfg = Release|Win32
		{3244639C-D71D-4246-9C87-73D969EDAB55}.Release|x86.Build.0 = Release|Win32
		{0E0EE934-B4E5-482A-829A-B43916D01DA7}.Debug|x64.ActiveCfg = Debug|x64
		{0E0EE934-B4E5-482A-829A-B43916D01DA7}.Debug|x64.Build.0 = Debug|x64
		{0E0EE934-B4E5-482A-829A-B43916D01DA7}.Debug|x86.ActiveCfg = Debug|Win32
		{0E0EE934-B4E5-482A-829A-B43916D01DA7}.Debug|x86.Build.0 = Debug|Win32
		{0E0EE934-B4E5-482A-829A-B43916D01DA7}.Release|x64.ActiveCfg = Release|x64
		{0E0EE934-B4E5-482A-829A-B43916D01DA7}.Release|x64.Build.0 = Release|x64
		{0E0EE934-B4E5-482A-829A-B43916D01DA7}.Release|x86.ActiveCfg = Release|Win32
		{0E0EE934-B4E5-482A-829A-B43916D01DA7}.Release|x86.Build.0 = Release|Win32
		{9AC047CC-0D93-4B2A-B4E5-EC68FF44775C}.Debug|x64.ActiveCfg = Debug|x64
		{9AC047CC-0D93-4B2A-B4E5-EC68FF44775C}.Debug|x64.Build.0 = Debug|x64
		{9AC047CC-0D93-4B2A-B4E5-EC68FF44775C}.Debug|x86.ActiveCfg = Debug|Win32
		{9AC047CC-0D93-4B2A-B4E5-EC68FF44775C}.Debug|x86.Build.0 = Debug|Win32
		{9AC047CC-0D93-4B2A-B4E5-EC68FF44775C}.Release|x64.ActiveCfg = Release|x64
		{9AC047CC-0D93-4B2A-B4E5-EC68FF44775C}.Release|x64.Build.0 = Release|x64
		{9AC047CC-0D93-4B2A-B4E5-EC68FF44775C}.Release|x86.ActiveCfg = Release|Win32
		{9AC047CC-0D93-4B2A-B4E5-EC68FF44775C}.Release|x86.Build.0 = Release|Win32
		{3478F357-F848-4D71-85BF-5B1ABA0CD7DC}.Debug|x64.ActiveCfg = Debug|x64
		{3478F357-F848-4D71-85BF-5B1ABA0CD7DC}.Debug|x64.Build.0 = Debug|x64
		{3478F357-F848-4D71-85BF-5B1ABA0CD7DC}.Debug|x86.ActiveCfg = Debug|Win32
		{3478F357-F848-4D71-85BF-5B1ABA0CD7DC}.Debug|x86.Build.0 = Debug|Win32
		{3478F357-F848-4D71-85BF-5B1ABA0CD7DC}.Release|x64.ActiveCfg = Release|x64
		{3478F357-F848-4D71-85BF-5B1ABA0CD7DC}.Release|x64.Build.0 = Release|x64
		{3478F357-F848-4D71-85BF-5B1ABA0CD7DC}.Release|x86.ActiveCfg = Release|Win32
		{3478F357-F848-4D71-85BF-5B1ABA0CD7DC}.Release|x86.Build.0 = Release|Win32
		{95DBC0A2-72A7-41F1-8822-3DE6B1FA41C4}.Debug|x64.ActiveCfg = Debug|x64
		{95DBC0A2-72A7-41F1-8822-3DE6B1FA41C4}.Debug|x64.Build.0 = Debug|x64
		{95DBC0A2-72A7-41F1-8822-3DE6B1FA41C4}.Debug|x86.ActiveCfg = Debug|Win32
		{95DBC0A2-72A7-41F1-8822-3DE6B1FA41C4}.Debug|x86.Build.0 = Debug|Win32
		{95DBC0A2-72A7-41F1-8822-3DE6B1FA41C4}.Release|x64.ActiveCfg = Release|x64
		{95DBC0A2-72A7-41F1-8822-3DE6B1FA41C4}.Release|x64.Build.0 = Release|x64
		{95DBC0A2-72A7-41F1-8822-3DE6B1FA41C4}.Release|x86.ActiveCfg = Release|Win32
		{95DBC0A2-72A7-41F1-8822-3DE6B1FA41C4}.Release|x86.Build.0 = Release|Win32
	EndGlobalSection
	GlobalSection(SolutionProperties) = preSolution
		HideSolutionNode = FALSE
	EndGlobalSection
	GlobalSection(ExtensibilityGlobals) = postSolution
		SolutionGuid = {D4E329B3-76DC-4061-824E-FEA598533745}
	EndGlobalSection
EndGlobal
